
Microsoft Visual Studio Solution File, Format Version 12.00
# Visual Studio Version 17
VisualStudioVersion = 17.5.002.0
MinimumVisualStudioVersion = 10.0.40219.1
Project("{FAE04EC0-301F-11D3-BF4B-00C04F79EFBC}") = "w21", "w21\w21.csproj", "{B35190CD-CBD6-4DE6-9A43-2BA2C592CC9C}"
EndProject
Project("{FAE04EC0-301F-11D3-BF4B-00C04F79EFBC}") = "w21test", "w21test\w21test.csproj", "{20540061-5911-4473-8CE6-7CEEBE057CF2}"
EndProject
Global
	GlobalSection(SolutionConfigurationPlatforms) = preSolution
		Debug|Any CPU = Debug|Any CPU
		Release|Any CPU = Release|Any CPU
	EndGlobalSection
	GlobalSection(ProjectConfigurationPlatforms) = postSolution
		{FA1F75F1-D283-4241-9EFE-CB9540086C24}.Debug|Any CPU.ActiveCfg = Debug|Any CPU
		{FA1F75F1-D283-4241-9EFE-CB9540086C24}.Debug|Any CPU.Build.0 = Debug|Any CPU
		{FA1F75F1-D283-4241-9EFE-CB9540086C24}.Release|Any CPU.ActiveCfg = Release|Any CPU
		{FA1F75F1-D283-4241-9EFE-CB9540086C24}.Release|Any CPU.Build.0 = Release|Any CPU
		{7960A555-8961-4701-A06C-FD9EADC17FB9}.Debug|Any CPU.ActiveCfg = Debug|Any CPU
		{7960A555-8961-4701-A06C-FD9EADC17FB9}.Debug|Any CPU.Build.0 = Debug|Any CPU
		{7960A555-8961-4701-A06C-FD9EADC17FB9}.Release|Any CPU.ActiveCfg = Release|Any CPU
		{7960A555-8961-4701-A06C-FD9EADC17FB9}.Release|Any CPU.Build.0 = Release|Any CPU
		{B35190CD-CBD6-4DE6-9A43-2BA2C592CC9C}.Debug|Any CPU.ActiveCfg = Debug|Any CPU
		{B35190CD-CBD6-4DE6-9A43-2BA2C592CC9C}.Debug|Any CPU.Build.0 = Debug|Any CPU
		{B35190CD-CBD6-4DE6-9A43-2BA2C592CC9C}.Release|Any CPU.ActiveCfg = Release|Any CPU
		{B35190CD-CBD6-4DE6-9A43-2BA2C592CC9C}.Release|Any CPU.Build.0 = Release|Any CPU
		{20540061-5911-4473-8CE6-7CEEBE057CF2}.Debug|Any CPU.ActiveCfg = Debug|Any CPU
		{20540061-5911-4473-8CE6-7CEEBE057CF2}.Debug|Any CPU.Build.0 = Debug|Any CPU
		{20540061-5911-4473-8CE6-7CEEBE057CF2}.Release|Any CPU.ActiveCfg = Release|Any CPU
		{20540061-5911-4473-8CE6-7CEEBE057CF2}.Release|Any CPU.Build.0 = Release|Any CPU
	EndGlobalSection
	GlobalSection(SolutionProperties) = preSolution
		HideSolutionNode = FALSE
	EndGlobalSection
	GlobalSection(ExtensibilityGlobals) = postSolution
		SolutionGuid = {33F2056B-8AF3-4947-819D-80B5C9C59BE1}
	EndGlobalSection
EndGlobal
